
Microsoft Visual Studio Solution File, Format Version 12.00
# Visual Studio 15
VisualStudioVersion = 15.0.28307.1300
MinimumVisualStudioVersion = 10.0.40219.1
Project("{FAE04EC0-301F-11D3-BF4B-00C04F79EFBC}") = "Ateka", "Ateka\Ateka.csproj", "{BB4FDC4E-C859-42FC-AA09-E55594CB7C0D}"
EndProject
Global
	GlobalSection(SolutionConfigurationPlatforms) = preSolution
		Debug|Any CPU = Debug|Any CPU
		Release|Any CPU = Release|Any CPU
	EndGlobalSection
	GlobalSection(ProjectConfigurationPlatforms) = postSolution
		{BB4FDC4E-C859-42FC-AA09-E55594CB7C0D}.Debug|Any CPU.ActiveCfg = Debug|Any CPU
		{BB4FDC4E-C859-42FC-AA09-E55594CB7C0D}.Debug|Any CPU.Build.0 = Debug|Any CPU
		{BB4FDC4E-C859-42FC-AA09-E55594CB7C0D}.Release|Any CPU.ActiveCfg = Release|Any CPU
		{BB4FDC4E-C859-42FC-AA09-E55594CB7C0D}.Release|Any CPU.Build.0 = Release|Any CPU
	EndGlobalSection
	GlobalSection(SolutionProperties) = preSolution
		HideSolutionNode = FALSE
	EndGlobalSection
	GlobalSection(ExtensibilityGlobals) = postSolution
		SolutionGuid = {AC3A8A39-C0A5-4B0E-9F3D-3361AEFED8DE}
	EndGlobalSection
EndGlobal
